PODS:
  - Alamofire (3.5.1)
  - AlamofireImage (2.5.0):
    - Alamofire (~> 3.5)
  - HysteriaPlayer (2.2.2)
  - ObjectMapper (1.5.0)
  - SwiftPlayer (0.3.5):
    - HysteriaPlayer (~> 2.1)

DEPENDENCIES:
  - AlamofireImage (~> 2.3)
  - ObjectMapper (~> 1.1)
  - SwiftPlayer (from `../`)

SPEC REPOS:
  trunk:
    - Alamofire
    - AlamofireImage
    - HysteriaPlayer
    - ObjectMapper

EXTERNAL SOURCES:
  SwiftPlayer:
    :path: "../"

SPEC CHECKSUMS:
  Alamofire: 0dfba1184a543e2aa160f4e39cac4e8aba48d223
  AlamofireImage: 2d34936e5201270bb17a316a786e90e83b4a249d
  HysteriaPlayer: 8fb4f3dac9b55f060de7bfdd2b8027503b441d3b
  ObjectMapper: 386645adca9d9d23b95eda43090b09d66444cf14
  SwiftPlayer: 37f2b7ddfbc22756f67ca06ca4ae4edc3ae2d389

PODFILE CHECKSUM: 10e0b8fbb2614115b4ebdb3b7587a6fb446d16d5

COCOAPODS: 1.9.0
